
Microsoft Visual Studio Solution File, Format Version 12.00
# Visual Studio Version 16
VisualStudioVersion = 16.0.28803.452
MinimumVisualStudioVersion = 10.0.40219.1
Project("{FAE04EC0-301F-11D3-BF4B-00C04F79EFBC}") = "SPI", "SPI\SPI.csproj", "{49E87BC2-88F5-49BF-B1A1-1FDCE300221F}"
EndProject
Global
	GlobalSection(SolutionConfigurationPlatforms) = preSolution
		Debug|Any CPU = Debug|Any CPU
		Release|Any CPU = Release|Any CPU
	EndGlobalSection
	GlobalSection(ProjectConfigurationPlatforms) = postSolution
		{49E87BC2-88F5-49BF-B1A1-1FDCE300221F}.Debug|Any CPU.ActiveCfg = Debug|Any CPU
		{49E87BC2-88F5-49BF-B1A1-1FDCE300221F}.Debug|Any CPU.Build.0 = Debug|Any CPU
		{49E87BC2-88F5-49BF-B1A1-1FDCE300221F}.Release|Any CPU.ActiveCfg = Release|Any CPU
		{49E87BC2-88F5-49BF-B1A1-1FDCE300221F}.Release|Any CPU.Build.0 = Release|Any CPU
	EndGlobalSection
	GlobalSection(SolutionProperties) = preSolution
		HideSolutionNode = FALSE
	EndGlobalSection
	GlobalSection(ExtensibilityGlobals) = postSolution
		SolutionGuid = {F7364D06-ACAC-4ED7-924B-5566CB301ED4}
	EndGlobalSection
EndGlobal
